
Microsoft Visual Studio Solution File, Format Version 12.00
# Visual Studio Version 17
VisualStudioVersion = 17.9.34723.18
MinimumVisualStudioVersion = 10.0.40219.1
Project("{9A19103F-16F7-4668-BE54-9A1E7A4F7556}") = "ThreadShare", "ThreadShare.csproj", "{AB2953D3-BE63-41B6-8DA5-39F6E768899D}"
EndProject
Global
	GlobalSection(SolutionConfigurationPlatforms) = preSolution
		Debug|Any CPU = Debug|Any CPU
		Release|Any CPU = Release|Any CPU
	EndGlobalSection
	GlobalSection(ProjectConfigurationPlatforms) = postSolution
		{AB2953D3-BE63-41B6-8DA5-39F6E768899D}.Debug|Any CPU.ActiveCfg = Debug|Any CPU
		{AB2953D3-BE63-41B6-8DA5-39F6E768899D}.Debug|Any CPU.Build.0 = Debug|Any CPU
		{AB2953D3-BE63-41B6-8DA5-39F6E768899D}.Release|Any CPU.ActiveCfg = Release|Any CPU
		{AB2953D3-BE63-41B6-8DA5-39F6E768899D}.Release|Any CPU.Build.0 = Release|Any CPU
	EndGlobalSection
	GlobalSection(SolutionProperties) = preSolution
		HideSolutionNode = FALSE
	EndGlobalSection
	GlobalSection(ExtensibilityGlobals) = postSolution
		SolutionGuid = {432EAAF9-6F1B-4F91-B6A8-13E6BCF008FB}
	EndGlobalSection
EndGlobal
